{
    "_readme": [
        "This file locks the dependencies of your project to a known state",
        "Read more about it at https://getcomposer.org/doc/01-basic-usage.md#composer-lock-the-lock-file",
        "This file is @generated automatically"
    ],
    "hash": "fb44743b4423a9d1f7c362054edb2b65",
    "packages": [
        {
            "name": "danielstjules/stringy",
            "version": "1.9.0",
            "source": {
                "type": "git",
                "url": "https://github.com/danielstjules/Stringy.git",
                "reference": "3cf18e9e424a6dedc38b7eb7ef580edb0929461b"
            },
            "dist": {
                "type": "zip",
                "url": "https://api.github.com/repos/danielstjules/Stringy/zipball/3cf18e9e424a6dedc38b7eb7ef580edb0929461b",
                "reference": "3cf18e9e424a6dedc38b7eb7ef580edb0929461b",
                "shasum": ""
            },
            "require": {
                "ext-mbstring": "*",
                "php": ">=5.3.0"
            },
            "require-dev": {
                "phpunit/phpunit": "~4.0"
            },
            "type": "library",
            "autoload": {
                "psr-4": {
                    "Stringy\\": "src/"
                },
                "files": [
                    "src/Create.php"
                ]
            },
            "notification-url": "https://packagist.org/downloads/",
            "license": [
                "MIT"
            ],
            "authors": [
                {
                    "name": "Daniel St. Jules",
                    "email": "danielst.jules@gmail.com",
                    "homepage": "http://www.danielstjules.com"
                }
            ],
            "description": "A string manipulation library with multibyte support",
            "homepage": "https://github.com/danielstjules/Stringy",
            "keywords": [
                "UTF",
                "helpers",
                "manipulation",
                "methods",
                "multibyte",
                "string",
                "utf-8",
                "utility",
                "utils"
            ],
            "time": "2015-02-10 06:19:18"
        },
        {
            "name": "doctrine/inflector",
            "version": "v1.0.1",
            "source": {
                "type": "git",
                "url": "https://github.com/doctrine/inflector.git",
                "reference": "0bcb2e79d8571787f18b7eb036ed3d004908e604"
            },
            "dist": {
                "type": "zip",
                "url": "https://api.github.com/repos/doctrine/inflector/zipball/0bcb2e79d8571787f18b7eb036ed3d004908e604",
                "reference": "0bcb2e79d8571787f18b7eb036ed3d004908e604",
                "shasum": ""
            },
            "require": {
                "php": ">=5.3.2"
            },
            "require-dev": {
                "phpunit/phpunit": "4.*"
            },
            "type": "library",
            "extra": {
                "branch-alias": {
                    "dev-master": "1.0.x-dev"
                }
            },
            "autoload": {
                "psr-0": {
                    "Doctrine\\Common\\Inflector\\": "lib/"
                }
            },
            "notification-url": "https://packagist.org/downloads/",
            "license": [
                "MIT"
            ],
            "authors": [
                {
                    "name": "Roman Borschel",
                    "email": "roman@code-factory.org"
                },
                {
                    "name": "Benjamin Eberlei",
                    "email": "kontakt@beberlei.de"
                },
                {
                    "name": "Guilherme Blanco",
                    "email": "guilhermeblanco@gmail.com"
                },
                {
                    "name": "Jonathan Wage",
                    "email": "jonwage@gmail.com"
                },
                {
                    "name": "Johannes Schmitt",
                    "email": "schmittjoh@gmail.com"
                }
            ],
            "description": "Common String Manipulations with regard to casing and singular/plural rules.",
            "homepage": "http://www.doctrine-project.org",
            "keywords": [
                "inflection",
                "pluralize",
                "singularize",
                "string"
            ],
            "time": "2014-12-20 21:24:13"
        },
        {
            "name": "gorkalaucirica/hipchat-v2-api-client",
            "version": "dev-master",
            "target-dir": "GorkaLaucirica/HipchatAPIv2Client",
            "source": {
                "type": "git",
                "url": "https://github.com/gorkalaucirica/HipchatAPIv2Client.git",
                "reference": "43123e75bc8a2e48fb8cf47a60c84e0d6bd29ae9"
            },
            "dist": {
                "type": "zip",
                "url": "https://api.github.com/repos/gorkalaucirica/HipchatAPIv2Client/zipball/43123e75bc8a2e48fb8cf47a60c84e0d6bd29ae9",
                "reference": "43123e75bc8a2e48fb8cf47a60c84e0d6bd29ae9",
                "shasum": ""
            },
            "require": {
                "kriswallsmith/buzz": "0.10",
                "php": ">=5.3.3"
            },
            "require-dev": {
                "henrikbjorn/phpspec-code-coverage": "1.0.*@dev",
                "phpspec/phpspec": "2.0.*@dev"
            },
            "type": "library",
            "autoload": {
                "psr-0": {
                    "GorkaLaucirica\\HipchatAPIv2Client": ""
                }
            },
            "notification-url": "https://packagist.org/downloads/",
            "license": [
                "MIT"
            ],
            "authors": [
                {
                    "name": "Gorka Laucirica",
                    "email": "gorka.lauzirika@gmail.com",
                    "homepage": "http://gorkalaucirica.net/"
                }
            ],
            "description": "Hipchat v2 API client",
            "homepage": "https://github.com/gorkalaucirica/HipchatAPIv2Client",
            "keywords": [
                "api",
                "client",
                "hipchat",
                "library",
                "v2"
            ],
            "time": "2015-05-11 20:19:22"
        },
        {
            "name": "guzzlehttp/guzzle",
            "version": "4.1.8",
            "source": {
                "type": "git",
                "url": "https://github.com/guzzle/guzzle.git",
                "reference": "e196b8f44f9492a11261ea8f7b9724613a198daf"
            },
            "dist": {
                "type": "zip",
                "url": "https://api.github.com/repos/guzzle/guzzle/zipball/e196b8f44f9492a11261ea8f7b9724613a198daf",
                "reference": "e196b8f44f9492a11261ea8f7b9724613a198daf",
                "shasum": ""
            },
            "require": {
                "ext-json": "*",
                "guzzlehttp/streams": "~1.4",
                "php": ">=5.4.0"
            },
            "require-dev": {
                "ext-curl": "*",
                "phpunit/phpunit": "~4.0",
                "psr/log": "~1.0"
            },
            "suggest": {
                "ext-curl": "Guzzle will use specific adapters if cURL is present"
            },
            "type": "library",
            "extra": {
                "branch-alias": {
                    "dev-master": "4.1-dev"
                }
            },
            "autoload": {
                "psr-4": {
                    "GuzzleHttp\\": "src/"
                },
                "files": [
                    "src/functions.php"
                ]
            },
            "notification-url": "https://packagist.org/downloads/",
            "license": [
                "MIT"
            ],
            "authors": [
                {
                    "name": "Michael Dowling",
                    "email": "mtdowling@gmail.com",
                    "homepage": "https://github.com/mtdowling"
                }
            ],
            "description": "Guzzle is a PHP HTTP client library and framework for building RESTful web service clients",
            "homepage": "http://guzzlephp.org/",
            "keywords": [
                "client",
                "curl",
                "framework",
                "http",
                "http client",
                "rest",
                "web service"
            ],
            "time": "2014-08-14 20:29:51"
        },
        {
            "name": "guzzlehttp/streams",
            "version": "1.5.1",
            "source": {
                "type": "git",
                "url": "https://github.com/guzzle/streams.git",
                "reference": "fb0d1ee29987c2bdc59867bffaade6fc88c2675f"
            },
            "dist": {
                "type": "zip",
                "url": "https://api.github.com/repos/guzzle/streams/zipball/fb0d1ee29987c2bdc59867bffaade6fc88c2675f",
                "reference": "fb0d1ee29987c2bdc59867bffaade6fc88c2675f",
                "shasum": ""
            },
            "require": {
                "php": ">=5.4.0"
            },
            "require-dev": {
                "phpunit/phpunit": "~4.0"
            },
            "type": "library",
            "extra": {
                "branch-alias": {
                    "dev-master": "1.5-dev"
                }
            },
            "autoload": {
                "psr-4": {
                    "GuzzleHttp\\Stream\\": "src/"
                },
                "files": [
                    "src/functions.php"
                ]
            },
            "notification-url": "https://packagist.org/downloads/",
            "license": [
                "MIT"
            ],
            "authors": [
                {
                    "name": "Michael Dowling",
                    "email": "mtdowling@gmail.com",
                    "homepage": "https://github.com/mtdowling"
                }
            ],
            "description": "Provides a simple abstraction over streams of data (Guzzle 4+)",
            "homepage": "http://guzzlephp.org/",
            "keywords": [
                "Guzzle",
                "stream"
            ],
            "time": "2014-08-10 23:57:01"
        },
        {
            "name": "illuminate/contracts",
            "version": "dev-master",
            "source": {
                "type": "git",
                "url": "https://github.com/illuminate/contracts.git",
                "reference": "4fa53491e7775267eafee28f90b903b0c0b50493"
            },
            "dist": {
                "type": "zip",
                "url": "https://api.github.com/repos/illuminate/contracts/zipball/4fa53491e7775267eafee28f90b903b0c0b50493",
                "reference": "4fa53491e7775267eafee28f90b903b0c0b50493",
                "shasum": ""
            },
            "require": {
                "php": ">=5.5.9"
            },
            "type": "library",
            "extra": {
                "branch-alias": {
                    "dev-master": "5.2-dev"
                }
            },
            "autoload": {
                "psr-4": {
                    "Illuminate\\Contracts\\": ""
                }
            },
            "notification-url": "https://packagist.org/downloads/",
            "license": [
                "MIT"
            ],
            "authors": [
                {
                    "name": "Taylor Otwell",
                    "email": "taylorotwell@gmail.com"
                }
            ],
            "description": "The Illuminate Contracts package.",
            "homepage": "http://laravel.com",
            "time": "2015-06-03 21:34:09"
        },
        {
            "name": "illuminate/support",
            "version": "dev-master",
            "source": {
                "type": "git",
                "url": "https://github.com/illuminate/support.git",
                "reference": "5d646dc6958c6e9e57076fe9813eb22fab1bcc9c"
            },
            "dist": {
                "type": "zip",
                "url": "https://api.github.com/repos/illuminate/support/zipball/5d646dc6958c6e9e57076fe9813eb22fab1bcc9c",
                "reference": "5d646dc6958c6e9e57076fe9813eb22fab1bcc9c",
                "shasum": ""
            },
            "require": {
                "danielstjules/stringy": "~1.8",
                "doctrine/inflector": "~1.0",
                "ext-mbstring": "*",
                "illuminate/contracts": "5.2.*",
                "php": ">=5.5.9"
            },
            "suggest": {
                "jeremeamia/superclosure": "Required to be able to serialize closures (~2.0).",
                "symfony/var-dumper": "Required to use the dd function (2.8.*)."
            },
            "type": "library",
            "extra": {
                "branch-alias": {
                    "dev-master": "5.2-dev"
                }
            },
            "autoload": {
                "psr-4": {
                    "Illuminate\\Support\\": ""
                },
                "files": [
                    "helpers.php"
                ]
            },
            "notification-url": "https://packagist.org/downloads/",
            "license": [
                "MIT"
            ],
            "authors": [
                {
                    "name": "Taylor Otwell",
                    "email": "taylorotwell@gmail.com"
                }
            ],
            "description": "The Illuminate Support package.",
            "homepage": "http://laravel.com",
            "time": "2015-06-03 21:34:09"
        },
        {
            "name": "kriswallsmith/buzz",
            "version": "v0.10",
            "source": {
                "type": "git",
                "url": "https://github.com/kriswallsmith/Buzz.git",
                "reference": "759432d66387e3433d3b06cb6f773b97225b9b17"
            },
            "dist": {
                "type": "zip",
                "url": "https://api.github.com/repos/kriswallsmith/Buzz/zipball/759432d66387e3433d3b06cb6f773b97225b9b17",
                "reference": "759432d66387e3433d3b06cb6f773b97225b9b17",
                "shasum": ""
            },
            "require": {
                "php": ">=5.3.0"
            },
            "require-dev": {
                "phpunit/phpunit": "3.7.*"
            },
            "suggest": {
                "ext-curl": "*"
            },
            "type": "library",
            "autoload": {
                "psr-0": {
                    "Buzz": "lib/"
                }
            },
            "notification-url": "https://packagist.org/downloads/",
            "license": [
                "MIT"
            ],
            "authors": [
                {
                    "name": "Kris Wallsmith",
                    "email": "kris.wallsmith@gmail.com",
                    "homepage": "http://kriswallsmith.net/"
                }
            ],
            "description": "Lightweight HTTP client",
            "homepage": "https://github.com/kriswallsmith/Buzz",
            "keywords": [
                "curl",
                "http client"
            ],
            "time": "2013-05-19 03:41:15"
        },
        {
            "name": "mtdowling/supervisor-event",
            "version": "v1.0.0",
            "source": {
                "type": "git",
                "url": "https://github.com/mtdowling/php-supervisor-event.git",
                "reference": "28a4a938ddce10a00aa22b052e12106610c3fe7a"
            },
            "dist": {
                "type": "zip",
                "url": "https://api.github.com/repos/mtdowling/php-supervisor-event/zipball/28a4a938ddce10a00aa22b052e12106610c3fe7a",
                "reference": "28a4a938ddce10a00aa22b052e12106610c3fe7a",
                "shasum": ""
            },
            "require": {
                "php": ">=5.3.2"
            },
            "type": "component",
            "autoload": {
                "psr-0": {
                    "Mtdowling\\Supervisor": "src/"
                }
            },
            "notification-url": "https://packagist.org/downloads/",
            "license": [
                "MIT"
            ],
            "authors": [
                {
                    "name": "Michael Dowling",
                    "email": "mtdowling@gmail.com",
                    "homepage": "https://github.com/mtdowling"
                }
            ],
            "description": "Wires callback functions to Supervisor events",
            "keywords": [
                "event",
                "supervisor",
                "supervisord"
            ],
            "time": "2012-07-22 22:14:43"
        },
        {
            "name": "signiant/victoropsnotifier",
            "version": "0.1.0",
            "source": {
                "type": "git",
                "url": "https://github.com/dnorth98/victoropsnotifier.git",
                "reference": "bceb3116858086bdcae539c1b9b5c89d614f78dc"
            },
            "dist": {
                "type": "zip",
                "url": "https://api.github.com/repos/dnorth98/victoropsnotifier/zipball/bceb3116858086bdcae539c1b9b5c89d614f78dc",
                "reference": "bceb3116858086bdcae539c1b9b5c89d614f78dc",
                "shasum": ""
            },
            "require": {
                "guzzlehttp/guzzle": "4.1.*@dev",
                "php": ">=5.4"
            },
            "require-dev": {
                "phpunit/phpunit": "3.7.*"
            },
            "type": "library",
            "autoload": {
                "psr-0": {
                    "Signiant": "src"
                }
            },
            "notification-url": "https://packagist.org/downloads/",
            "license": [
                "MIT"
            ],
            "authors": [
                {
                    "name": "Dave North",
                    "email": "dnorth98@gmail.com",
                    "role": "Developer"
                }
            ],
            "description": "REST API integration for VictorOps",
            "homepage": "https://github.com/dnorth98/victoropsnotifier",
            "keywords": [
                "victorops",
                "victorops.com"
            ],
            "time": "2015-03-24 16:49:45"
        }
    ],
    "packages-dev": [],
    "aliases": [],
    "minimum-stability": "dev",
    "stability-flags": {
        "gorkalaucirica/hipchat-v2-api-client": 20,
        "illuminate/support": 20
    },
    "prefer-stable": true,
    "prefer-lowest": false,
    "platform": {
        "php": ">=5.4"
    },
    "platform-dev": []
}
